
Microsoft Visual Studio Solution File, Format Version 12.00
Project("{FAE04EC0-301F-11D3-BF4B-00C04F79EFBC}") = "APBD-Cw2-s32804", "APBD-Cw2-s32804\APBD-Cw2-s32804.csproj", "{D3B25BF1-D66F-4B47-9018-98FE5658C744}"
EndProject
Global
	GlobalSection(SolutionConfigurationPlatforms) = preSolution
		Debug|Any CPU = Debug|Any CPU
		Release|Any CPU = Release|Any CPU
	EndGlobalSection
	GlobalSection(ProjectConfigurationPlatforms) = postSolution
		{D3B25BF1-D66F-4B47-9018-98FE5658C744}.Debug|Any CPU.ActiveCfg = Debug|Any CPU
		{D3B25BF1-D66F-4B47-9018-98FE5658C744}.Debug|Any CPU.Build.0 = Debug|Any CPU
		{D3B25BF1-D66F-4B47-9018-98FE5658C744}.Release|Any CPU.ActiveCfg = Release|Any CPU
		{D3B25BF1-D66F-4B47-9018-98FE5658C744}.Release|Any CPU.Build.0 = Release|Any CPU
	EndGlobalSection
EndGlobal
